
Microsoft Visual Studio Solution File, Format Version 12.00
# Visual Studio 15
Project("{FAE04EC0-301F-11D3-BF4B-00C04F79EFBC}") = "BigRedButton", "BigRedButton.csproj", "{CFE77385-7F15-8447-476D-ED34470AA08C}"
EndProject
Project("{FAE04EC0-301F-11D3-BF4B-00C04F79EFBC}") = "BigRedButton.Editor", "BigRedButton.Editor.csproj", "{2056ABC6-A456-7A1A-DEE2-8E940ED1227D}"
EndProject
Global
	GlobalSection(SolutionConfigurationPlatforms) = preSolution
		Debug|Any CPU = Debug|Any CPU
		Release|Any CPU = Release|Any CPU
	EndGlobalSection
	GlobalSection(ProjectConfigurationPlatforms) = postSolution
		{CFE77385-7F15-8447-476D-ED34470AA08C}.Debug|Any CPU.ActiveCfg = Debug|Any CPU
		{CFE77385-7F15-8447-476D-ED34470AA08C}.Debug|Any CPU.Build.0 = Debug|Any CPU
		{CFE77385-7F15-8447-476D-ED34470AA08C}.Release|Any CPU.ActiveCfg = Release|Any CPU
		{CFE77385-7F15-8447-476D-ED34470AA08C}.Release|Any CPU.Build.0 = Release|Any CPU
		{2056ABC6-A456-7A1A-DEE2-8E940ED1227D}.Debug|Any CPU.ActiveCfg = Debug|Any CPU
		{2056ABC6-A456-7A1A-DEE2-8E940ED1227D}.Debug|Any CPU.Build.0 = Debug|Any CPU
		{2056ABC6-A456-7A1A-DEE2-8E940ED1227D}.Release|Any CPU.ActiveCfg = Release|Any CPU
		{2056ABC6-A456-7A1A-DEE2-8E940ED1227D}.Release|Any CPU.Build.0 = Release|Any CPU
	EndGlobalSection
	GlobalSection(SolutionProperties) = preSolution
		HideSolutionNode = FALSE
	EndGlobalSection
EndGlobal
